<?xml version="1.0" encoding="UTF-8" standalone="yes" ?>
<CodeBlocks_project_file>
	<FileVersion major="1" minor="6" />
	<Project>
		<Option title="StackApp_1" />
		<Option pch_mode="2" />
		<Option compiler="gcc" />
		<Option virtualFolders="Application/;DataStructure/;Application/inc/;Application/src/;DataStructure/inc/;DataStructure/src/" />
		<Build>
			<Target title="Debug">
				<Option output="bin/Debug/StackApp_1" prefix_auto="1" extension_auto="1" />
				<Option object_output="obj/Debug/" />
				<Option type="1" />
				<Option compiler="gcc" />
				<Compiler>
					<Add option="-g" />
				</Compiler>
			</Target>
			<Target title="Release">
				<Option output="bin/Release/StackApp_1" prefix_auto="1" extension_auto="1" />
				<Option object_output="obj/Release/" />
				<Option type="1" />
				<Option compiler="gcc" />
				<Compiler>
					<Add option="-O2" />
				</Compiler>
				<Linker>
					<Add option="-s" />
				</Linker>
			</Target>
		</Build>
		<Compiler>
			<Add option="-Wall" />
		</Compiler>
		<Unit filename="main.c">
			<Option compilerVar="CC" />
			<Option virtualFolder="Application/src/" />
		</Unit>
		<Unit filename="main.h">
			<Option virtualFolder="Application/inc/" />
		</Unit>
		<Unit filename="stack.c">
			<Option compilerVar="CC" />
			<Option virtualFolder="DataStructure/src/" />
		</Unit>
		<Unit filename="stack.h">
			<Option virtualFolder="DataStructure/inc/" />
		</Unit>
		<Extensions>
			<lib_finder disable_auto="1" />
		</Extensions>
	</Project>
</CodeBlocks_project_file>
